
Microsoft Visual Studio Solution File, Format Version 12.00
# Visual Studio Version 17
VisualStudioVersion = 17.4.33213.308
MinimumVisualStudioVersion = 10.0.40219.1
Project("{FAE04EC0-301F-11D3-BF4B-00C04F79EFBC}") = "backend", "backend\backend.csproj", "{0D495114-FD57-4AEE-BB06-471D9C12EDD5}"
EndProject
Global
	GlobalSection(SolutionConfigurationPlatforms) = preSolution
		Debug|Any CPU = Debug|Any CPU
		Release|Any CPU = Release|Any CPU
	EndGlobalSection
	GlobalSection(ProjectConfigurationPlatforms) = postSolution
		{0D495114-FD57-4AEE-BB06-471D9C12EDD5}.Debug|Any CPU.ActiveCfg = Debug|Any CPU
		{0D495114-FD57-4AEE-BB06-471D9C12EDD5}.Debug|Any CPU.Build.0 = Debug|Any CPU
		{0D495114-FD57-4AEE-BB06-471D9C12EDD5}.Release|Any CPU.ActiveCfg = Release|Any CPU
		{0D495114-FD57-4AEE-BB06-471D9C12EDD5}.Release|Any CPU.Build.0 = Release|Any CPU
	EndGlobalSection
	GlobalSection(SolutionProperties) = preSolution
		HideSolutionNode = FALSE
	EndGlobalSection
	GlobalSection(ExtensibilityGlobals) = postSolution
		SolutionGuid = {C7593BA2-CB89-466F-8ADF-9E86F40AD398}
	EndGlobalSection
EndGlobal
